
Microsoft Visual Studio Solution File, Format Version 12.00
# Visual Studio Version 17
VisualStudioVersion = 17.3.32922.545
MinimumVisualStudioVersion = 10.0.40219.1
Project("{FAE04EC0-301F-11D3-BF4B-00C04F79EFBC}") = "EmguCvDoodle", "EmguCvDoodle.csproj", "{47A4E472-2006-4869-BE5C-478F545986DE}"
EndProject
Global
	GlobalSection(SolutionConfigurationPlatforms) = preSolution
		Debug|Any CPU = Debug|Any CPU
		Debug|x64 = Debug|x64
		Release|Any CPU = Release|Any CPU
		Release|x64 = Release|x64
	EndGlobalSection
	GlobalSection(ProjectConfigurationPlatforms) = postSolution
		{47A4E472-2006-4869-BE5C-478F545986DE}.Debug|Any CPU.ActiveCfg = Debug|Any CPU
		{47A4E472-2006-4869-BE5C-478F545986DE}.Debug|Any CPU.Build.0 = Debug|Any CPU
		{47A4E472-2006-4869-BE5C-478F545986DE}.Debug|x64.ActiveCfg = Debug|x64
		{47A4E472-2006-4869-BE5C-478F545986DE}.Debug|x64.Build.0 = Debug|x64
		{47A4E472-2006-4869-BE5C-478F545986DE}.Release|Any CPU.ActiveCfg = Release|Any CPU
		{47A4E472-2006-4869-BE5C-478F545986DE}.Release|Any CPU.Build.0 = Release|Any CPU
		{47A4E472-2006-4869-BE5C-478F545986DE}.Release|x64.ActiveCfg = Release|x64
		{47A4E472-2006-4869-BE5C-478F545986DE}.Release|x64.Build.0 = Release|x64
	EndGlobalSection
	GlobalSection(SolutionProperties) = preSolution
		HideSolutionNode = FALSE
	EndGlobalSection
	GlobalSection(ExtensibilityGlobals) = postSolution
		SolutionGuid = {AFBAB387-2481-4807-A960-F5A61A0A027F}
	EndGlobalSection
EndGlobal
